
Microsoft Visual Studio Solution File, Format Version 12.00
# Visual Studio Version 16
VisualStudioVersion = 16.0.35130.168
MinimumVisualStudioVersion = 10.0.40219.1
Project("{8BC9CEB8-8B4A-11D0-8D11-00A0C91BC942}") = "Project_DZ_2", "Project_DZ_2.vcxproj", "{14C1921D-E72F-4040-97BD-1122B06589B2}"
EndProject
Global
	GlobalSection(SolutionConfigurationPlatforms) = preSolution
		Debug|x64 = Debug|x64
		Debug|x86 = Debug|x86
		Release|x64 = Release|x64
		Release|x86 = Release|x86
	EndGlobalSection
	GlobalSection(ProjectConfigurationPlatforms) = postSolution
		{14C1921D-E72F-4040-97BD-1122B06589B2}.Debug|x64.ActiveCfg = Debug|x64
		{14C1921D-E72F-4040-97BD-1122B06589B2}.Debug|x64.Build.0 = Debug|x64
		{14C1921D-E72F-4040-97BD-1122B06589B2}.Debug|x86.ActiveCfg = Debug|Win32
		{14C1921D-E72F-4040-97BD-1122B06589B2}.Debug|x86.Build.0 = Debug|Win32
		{14C1921D-E72F-4040-97BD-1122B06589B2}.Release|x64.ActiveCfg = Release|x64
		{14C1921D-E72F-4040-97BD-1122B06589B2}.Release|x64.Build.0 = Release|x64
		{14C1921D-E72F-4040-97BD-1122B06589B2}.Release|x86.ActiveCfg = Release|Win32
		{14C1921D-E72F-4040-97BD-1122B06589B2}.Release|x86.Build.0 = Release|Win32
	EndGlobalSection
	GlobalSection(SolutionProperties) = preSolution
		HideSolutionNode = FALSE
	EndGlobalSection
	GlobalSection(ExtensibilityGlobals) = postSolution
		SolutionGuid = {AD3255E8-2B8F-4E63-8BE8-C3A44FFEBE82}
	EndGlobalSection
EndGlobal
